
Microsoft Visual Studio Solution File, Format Version 12.00
# Visual Studio Version 17
VisualStudioVersion = 17.7.34221.43
MinimumVisualStudioVersion = 10.0.40219.1
Project("{FAE04EC0-301F-11D3-BF4B-00C04F79EFBC}") = "ColabList", "ColabList\ColabList.csproj", "{47CBFA20-7AA8-4FAF-816B-E41E5D217F7E}"
EndProject
Global
	GlobalSection(SolutionConfigurationPlatforms) = preSolution
		Debug|Any CPU = Debug|Any CPU
		Release|Any CPU = Release|Any CPU
	EndGlobalSection
	GlobalSection(ProjectConfigurationPlatforms) = postSolution
		{47CBFA20-7AA8-4FAF-816B-E41E5D217F7E}.Debug|Any CPU.ActiveCfg = Debug|Any CPU
		{47CBFA20-7AA8-4FAF-816B-E41E5D217F7E}.Debug|Any CPU.Build.0 = Debug|Any CPU
		{47CBFA20-7AA8-4FAF-816B-E41E5D217F7E}.Release|Any CPU.ActiveCfg = Release|Any CPU
		{47CBFA20-7AA8-4FAF-816B-E41E5D217F7E}.Release|Any CPU.Build.0 = Release|Any CPU
	EndGlobalSection
	GlobalSection(SolutionProperties) = preSolution
		HideSolutionNode = FALSE
	EndGlobalSection
	GlobalSection(ExtensibilityGlobals) = postSolution
		SolutionGuid = {5B758742-0170-4818-B5D4-1FB3D672189A}
	EndGlobalSection
EndGlobal
